// !$*UTF8*$!
{
	archiveVersion = 1;
	classes = {
	};
	objectVersion = 50;
	objects = {

/* Begin PBXBuildFile section */
		EC0DD867267670A300EEA160 /* AppDelegate.swift in Sources */ = {isa = PBXBuildFile; fileRef = EC0DD866267670A300EEA160 /* AppDelegate.swift */; };
		EC0DD869267670A300EEA160 /* SceneDelegate.swift in Sources */ = {isa = PBXBuildFile; fileRef = EC0DD868267670A300EEA160 /* SceneDelegate.swift */; };
		EC0DD86B267670A300EEA160 /* ViewController.swift in Sources */ = {isa = PBXBuildFile; fileRef = EC0DD86A267670A300EEA160 /* ViewController.swift */; };
		EC0DD86E267670A300EEA160 /* Main.storyboard in Resources */ = {isa = PBXBuildFile; fileRef = EC0DD86C267670A300EEA160 /* Main.storyboard */; };
		EC0DD870267670A700EEA160 /* Assets.xcassets in Resources */ = {isa = PBXBuildFile; fileRef = EC0DD86F267670A700EEA160 /* Assets.xcassets */; };
		EC0DD873267670A700EEA160 /* LaunchScreen.storyboard in Resources */ = {isa = PBXBuildFile; fileRef = EC0DD871267670A700EEA160 /* LaunchScreen.storyboard */; };
		EC0DD87E267670A800EEA160 /* pruebaMichaelUrreaTests.swift in Sources */ = {isa = PBXBuildFile; fileRef = EC0DD87D267670A800EEA160 /* pruebaMichaelUrreaTests.swift */; };
		EC0DD889267670A800EEA160 /* pruebaMichaelUrreaUITests.swift in Sources */ = {isa = PBXBuildFile; fileRef = EC0DD888267670A800EEA160 /* pruebaMichaelUrreaUITests.swift */; };
		EC0DD8982676712000EEA160 /* Acron.swift in Sources */ = {isa = PBXBuildFile; fileRef = EC0DD8972676712000EEA160 /* Acron.swift */; };
		EC0DD89B2676757C00EEA160 /* Parser.swift in Sources */ = {isa = PBXBuildFile; fileRef = EC0DD89A2676757C00EEA160 /* Parser.swift */; };
/* End PBXBuildFile section */

/* Begin PBXContainerItemProxy section */
		EC0DD87A267670A800EEA160 /* PBXContainerItemProxy */ = {
			isa = PBXContainerItemProxy;
			containerPortal = EC0DD85B267670A300EEA160 /* Project object */;
			proxyType = 1;
			remoteGlobalIDString = EC0DD862267670A300EEA160;
			remoteInfo = pruebaMichaelUrrea;
		};
		EC0DD885267670A800EEA160 /* PBXContainerItemProxy */ = {
			isa = PBXContainerItemProxy;
			containerPortal = EC0DD85B267670A300EEA160 /* Project object */;
			proxyType = 1;
			remoteGlobalIDString = EC0DD862267670A300EEA160;
			remoteInfo = pruebaMichaelUrrea;
		};
/* End PBXContainerItemProxy section */

/* Begin PBXFileReference section */
		EC0DD863267670A300EEA160 /* pruebaMichaelUrrea.app */ = {isa = PBXFileReference; explicitFileType = wrapper.application; includeInIndex = 0; path = pruebaMichaelUrrea.app; sourceTree = BUILT_PRODUCTS_DIR; };
		EC0DD866267670A300EEA160 /* AppDelegate.swift */ = {isa = PBXFileReference; lastKnownFileType = sourcecode.swift; path = AppDelegate.swift; sourceTree = "<group>"; };
		EC0DD868267670A300EEA160 /* SceneDelegate.swift */ = {isa = PBXFileReference; lastKnownFileType = sourcecode.swift; path = SceneDelegate.swift; sourceTree = "<group>"; };
		EC0DD86A267670A300EEA160 /* ViewController.swift */ = {isa = PBXFileReference; lastKnownFileType = sourcecode.swift; path = ViewController.swift; sourceTree = "<group>"; };
		EC0DD86D267670A300EEA160 /* Base */ = {isa = PBXFileReference; lastKnownFileType = file.storyboard; name = Base; path = Base.lproj/Main.storyboard; sourceTree = "<group>"; };
		EC0DD86F267670A700EEA160 /* Assets.xcassets */ = {isa = PBXFileReference; lastKnownFileType = folder.assetcatalog; path = Assets.xcassets; sourceTree = "<group>"; };
		EC0DD872267670A700EEA160 /* Base */ = {isa = PBXFileReference; lastKnownFileType = file.storyboard; name = Base; path = Base.lproj/LaunchScreen.storyboard; sourceTree = "<group>"; };
		EC0DD874267670A700EEA160 /* Info.plist */ = {isa = PBXFileReference; lastKnownFileType = text.plist.xml; path = Info.plist; sourceTree = "<group>"; };
		EC0DD879267670A800EEA160 /* pruebaMichaelUrreaTests.xctest */ = {isa = PBXFileReference; explicitFileType = wrapper.cfbundle; includeInIndex = 0; path = pruebaMichaelUrreaTests.xctest; sourceTree = BUILT_PRODUCTS_DIR; };
		EC0DD87D267670A800EEA160 /* pruebaMichaelUrreaTests.swift */ = {isa = PBXFileReference; lastKnownFileType = sourcecode.swift; path = pruebaMichaelUrreaTests.swift; sourceTree = "<group>"; };
		EC0DD87F267670A800EEA160 /* Info.plist */ = {isa = PBXFileReference; lastKnownFileType = text.plist.xml; path = Info.plist; sourceTree = "<group>"; };
		EC0DD884267670A800EEA160 /* pruebaMichaelUrreaUITests.xctest */ = {isa = PBXFileReference; explicitFileType = wrapper.cfbundle; includeInIndex = 0; path = pruebaMichaelUrreaUITests.xctest; sourceTree = BUILT_PRODUCTS_DIR; };
		EC0DD888267670A800EEA160 /* pruebaMichaelUrreaUITests.swift */ = {isa = PBXFileReference; lastKnownFileType = sourcecode.swift; path = pruebaMichaelUrreaUITests.swift; sourceTree = "<group>"; };
		EC0DD88A267670A800EEA160 /* Info.plist */ = {isa = PBXFileReference; lastKnownFileType = text.plist.xml; path = Info.plist; sourceTree = "<group>"; };
		EC0DD8972676712000EEA160 /* Acron.swift */ = {isa = PBXFileReference; lastKnownFileType = sourcecode.swift; path = Acron.swift; sourceTree = "<group>"; };
		EC0DD89A2676757C00EEA160 /* Parser.swift */ = {isa = PBXFileReference; lastKnownFileType = sourcecode.swift; path = Parser.swift; sourceTree = "<group>"; };
/* End PBXFileReference section */

/* Begin PBXFrameworksBuildPhase section */
		EC0DD860267670A300EEA160 /* Frameworks */ = {
			isa = PBXFrameworksBuildPhase;
			buildActionMask = 2147483647;
			files = (
			);
			runOnlyForDeploymentPostprocessing = 0;
		};
		EC0DD876267670A800EEA160 /* Frameworks */ = {
			isa = PBXFrameworksBuildPhase;
			buildActionMask = 2147483647;
			files = (
			);
			runOnlyForDeploymentPostprocessing = 0;
		};
		EC0DD881267670A800EEA160 /* Frameworks */ = {
			isa = PBXFrameworksBuildPhase;
			buildActionMask = 2147483647;
			files = (
			);
			runOnlyForDeploymentPostprocessing = 0;
		};
/* End PBXFrameworksBuildPhase section */

/* Begin PBXGroup section */
		EC0DD85A267670A300EEA160 = {
			isa = PBXGroup;
			children = (
				EC0DD865267670A300EEA160 /* pruebaMichaelUrrea */,
				EC0DD87C267670A800EEA160 /* pruebaMichaelUrreaTests */,
				EC0DD887267670A800EEA160 /* pruebaMichaelUrreaUITests */,
				EC0DD864267670A300EEA160 /* Products */,
			);
			sourceTree = "<group>";
		};
		EC0DD864267670A300EEA160 /* Products */ = {
			isa = PBXGroup;
			children = (
				EC0DD863267670A300EEA160 /* pruebaMichaelUrrea.app */,
				EC0DD879267670A800EEA160 /* pruebaMichaelUrreaTests.xctest */,
				EC0DD884267670A800EEA160 /* pruebaMichaelUrreaUITests.xctest */,
			);
			name = Products;
			sourceTree = "<group>";
		};
		EC0DD865267670A300EEA160 /* pruebaMichaelUrrea */ = {
			isa = PBXGroup;
			children = (
				EC0DD89D26769AB500EEA160 /* View */,
				EC0DD89C2676780100EEA160 /* Controller */,
				EC0DD8992676756600EEA160 /* ViewModel */,
				EC0DD8962676710700EEA160 /* Model */,
				EC0DD866267670A300EEA160 /* AppDelegate.swift */,
				EC0DD868267670A300EEA160 /* SceneDelegate.swift */,
				EC0DD86F267670A700EEA160 /* Assets.xcassets */,
				EC0DD871267670A700EEA160 /* LaunchScreen.storyboard */,
				EC0DD874267670A700EEA160 /* Info.plist */,
			);
			path = pruebaMichaelUrrea;
			sourceTree = "<group>";
		};
		EC0DD87C267670A800EEA160 /* pruebaMichaelUrreaTests */ = {
			isa = PBXGroup;
			children = (
				EC0DD87D267670A800EEA160 /* pruebaMichaelUrreaTests.swift */,
				EC0DD87F267670A800EEA160 /* Info.plist */,
			);
			path = pruebaMichaelUrreaTests;
			sourceTree = "<group>";
		};
		EC0DD887267670A800EEA160 /* pruebaMichaelUrreaUITests */ = {
			isa = PBXGroup;
			children = (
				EC0DD888267670A800EEA160 /* pruebaMichaelUrreaUITests.swift */,
				EC0DD88A267670A800EEA160 /* Info.plist */,
			);
			path = pruebaMichaelUrreaUITests;
			sourceTree = "<group>";
		};
		EC0DD8962676710700EEA160 /* Model */ = {
			isa = PBXGroup;
			children = (
				EC0DD8972676712000EEA160 /* Acron.swift */,
			);
			path = Model;
			sourceTree = "<group>";
		};
		EC0DD8992676756600EEA160 /* ViewModel */ = {
			isa = PBXGroup;
			children = (
				EC0DD89A2676757C00EEA160 /* Parser.swift */,
			);
			path = ViewModel;
			sourceTree = "<group>";
		};
		EC0DD89C2676780100EEA160 /* Controller */ = {
			isa = PBXGroup;
			children = (
				EC0DD86A267670A300EEA160 /* ViewController.swift */,
			);
			path = Controller;
			sourceTree = "<group>";
		};
		EC0DD89D26769AB500EEA160 /* View */ = {
			isa = PBXGroup;
			children = (
				EC0DD86C267670A300EEA160 /* Main.storyboard */,
			);
			path = View;
			sourceTree = "<group>";
		};
/* End PBXGroup section */

/* Begin PBXNativeTarget section */
		EC0DD862267670A300EEA160 /* pruebaMichaelUrrea */ = {
			isa = PBXNativeTarget;
			buildConfigurationList = EC0DD88D267670A800EEA160 /* Build configuration list for PBXNativeTarget "pruebaMichaelUrrea" */;
			buildPhases = (
				EC0DD85F267670A300EEA160 /* Sources */,
				EC0DD860267670A300EEA160 /* Frameworks */,
				EC0DD861267670A300EEA160 /* Resources */,
			);
			buildRules = (
			);
			dependencies = (
			);
			name = pruebaMichaelUrrea;
			productName = pruebaMichaelUrrea;
			productReference = EC0DD863267670A300EEA160 /* pruebaMichaelUrrea.app */;
			productType = "com.apple.product-type.application";
		};
		EC0DD878267670A800EEA160 /* pruebaMichaelUrreaTests */ = {
			isa = PBXNativeTarget;
			buildConfigurationList = EC0DD890267670A800EEA160 /* Build configuration list for PBXNativeTarget "pruebaMichaelUrreaTests" */;
			buildPhases = (
				EC0DD875267670A800EEA160 /* Sources */,
				EC0DD876267670A800EEA160 /* Frameworks */,
				EC0DD877267670A800EEA160 /* Resources */,
			);
			buildRules = (
			);
			dependencies = (
				EC0DD87B267670A800EEA160 /* PBXTargetDependency */,
			);
			name = pruebaMichaelUrreaTests;
			productName = pruebaMichaelUrreaTests;
			productReference = EC0DD879267670A800EEA160 /* pruebaMichaelUrreaTests.xctest */;
			productType = "com.apple.product-type.bundle.unit-test";
		};
		EC0DD883267670A800EEA160 /* pruebaMichaelUrreaUITests */ = {
			isa = PBXNativeTarget;
			buildConfigurationList = EC0DD893267670A800EEA160 /* Build configuration list for PBXNativeTarget "pruebaMichaelUrreaUITests" */;
			buildPhases = (
				EC0DD880267670A800EEA160 /* Sources */,
				EC0DD881267670A800EEA160 /* Frameworks */,
				EC0DD882267670A800EEA160 /* Resources */,
			);
			buildRules = (
			);
			dependencies = (
				EC0DD886267670A800EEA160 /* PBXTargetDependency */,
			);
			name = pruebaMichaelUrreaUITests;
			productName = pruebaMichaelUrreaUITests;
			productReference = EC0DD884267670A800EEA160 /* pruebaMichaelUrreaUITests.xctest */;
			productType = "com.apple.product-type.bundle.ui-testing";
		};
/* End PBXNativeTarget section */

/* Begin PBXProject section */
		EC0DD85B267670A300EEA160 /* Project object */ = {
			isa = PBXProject;
			attributes = {
				LastSwiftUpdateCheck = 1250;
				LastUpgradeCheck = 1250;
				TargetAttributes = {
					EC0DD862267670A300EEA160 = {
						CreatedOnToolsVersion = 12.5;
					};
					EC0DD878267670A800EEA160 = {
						CreatedOnToolsVersion = 12.5;
						TestTargetID = EC0DD862267670A300EEA160;
					};
					EC0DD883267670A800EEA160 = {
						CreatedOnToolsVersion = 12.5;
						TestTargetID = EC0DD862267670A300EEA160;
					};
				};
			};
			buildConfigurationList = EC0DD85E267670A300EEA160 /* Build configuration list for PBXProject "pruebaMichaelUrrea" */;
			compatibilityVersion = "Xcode 9.3";
			developmentRegion = en;
			hasScannedForEncodings = 0;
			knownRegions = (
				en,
				Base,
			);
			mainGroup = EC0DD85A267670A300EEA160;
			productRefGroup = EC0DD864267670A300EEA160 /* Products */;
			projectDirPath = "";
			projectRoot = "";
			targets = (
				EC0DD862267670A300EEA160 /* pruebaMichaelUrrea */,
				EC0DD878267670A800EEA160 /* pruebaMichaelUrreaTests */,
				EC0DD883267670A800EEA160 /* pruebaMichaelUrreaUITests */,
			);
		};
/* End PBXProject section */

/* Begin PBXResourcesBuildPhase section */
		EC0DD861267670A300EEA160 /* Resources */ = {
			isa = PBXResourcesBuildPhase;
			buildActionMask = 2147483647;
			files = (
				EC0DD873267670A700EEA160 /* LaunchScreen.storyboard in Resources */,
				EC0DD870267670A700EEA160 /* Assets.xcassets in Resources */,
				EC0DD86E267670A300EEA160 /* Main.storyboard in Resources */,
			);
			runOnlyForDeploymentPostprocessing = 0;
		};
		EC0DD877267670A800EEA160 /* Resources */ = {
			isa = PBXResourcesBuildPhase;
			buildActionMask = 2147483647;
			files = (
			);
			runOnlyForDeploymentPostprocessing = 0;
		};
		EC0DD882267670A800EEA160 /* Resources */ = {
			isa = PBXResourcesBuildPhase;
			buildActionMask = 2147483647;
			files = (
			);
			runOnlyForDeploymentPostprocessing = 0;
		};
/* End PBXResourcesBuildPhase section */

/* Begin PBXSourcesBuildPhase section */
		EC0DD85F267670A300EEA160 /* Sources */ = {
			isa = PBXSourcesBuildPhase;
			buildActionMask = 2147483647;
			files = (
				EC0DD86B267670A300EEA160 /* ViewController.swift in Sources */,
				EC0DD8982676712000EEA160 /* Acron.swift in Sources */,
				EC0DD89B2676757C00EEA160 /* Parser.swift in Sources */,
				EC0DD867267670A300EEA160 /* AppDelegate.swift in Sources */,
				EC0DD869267670A300EEA160 /* SceneDelegate.swift in Sources */,
			);
			runOnlyForDeploymentPostprocessing = 0;
		};
		EC0DD875267670A800EEA160 /* Sources */ = {
			isa = PBXSourcesBuildPhase;
			buildActionMask = 2147483647;
			files = (
				EC0DD87E267670A800EEA160 /* pruebaMichaelUrreaTests.swift in Sources */,
			);
			runOnlyForDeploymentPostprocessing = 0;
		};
		EC0DD880267670A800EEA160 /* Sources */ = {
			isa = PBXSourcesBuildPhase;
			buildActionMask = 2147483647;
			files = (
				EC0DD889267670A800EEA160 /* pruebaMichaelUrreaUITests.swift in Sources */,
			);
			runOnlyForDeploymentPostprocessing = 0;
		};
/* End PBXSourcesBuildPhase section */

/* Begin PBXTargetDependency section */
		EC0DD87B267670A800EEA160 /* PBXTargetDependency */ = {
			isa = PBXTargetDependency;
			target = EC0DD862267670A300EEA160 /* pruebaMichaelUrrea */;
			targetProxy = EC0DD87A267670A800EEA160 /* PBXContainerItemProxy */;
		};
		EC0DD886267670A800EEA160 /* PBXTargetDependency */ = {
			isa = PBXTargetDependency;
			target = EC0DD862267670A300EEA160 /* pruebaMichaelUrrea */;
			targetProxy = EC0DD885267670A800EEA160 /* PBXContainerItemProxy */;
		};
/* End PBXTargetDependency section */

/* Begin PBXVariantGroup section */
		EC0DD86C267670A300EEA160 /* Main.storyboard */ = {
			isa = PBXVariantGroup;
			children = (
				EC0DD86D267670A300EEA160 /* Base */,
			);
			name = Main.storyboard;
			sourceTree = "<group>";
		};
		EC0DD871267670A700EEA160 /* LaunchScreen.storyboard */ = {
			isa = PBXVariantGroup;
			children = (
				EC0DD872267670A700EEA160 /* Base */,
			);
			name = LaunchScreen.storyboard;
			sourceTree = "<group>";
		};
/* End PBXVariantGroup section */

/* Begin XCBuildConfiguration section */
		EC0DD88B267670A800EEA160 /* Debug */ = {
			isa = XCBuildConfiguration;
			buildSettings = {
				ALWAYS_SEARCH_USER_PATHS = NO;
				CLANG_ANALYZER_NONNULL = YES;
				CLANG_ANALYZER_NUMBER_OBJECT_CONVERSION = YES_AGGRESSIVE;
				CLANG_CXX_LANGUAGE_STANDARD = "gnu++14";
				CLANG_CXX_LIBRARY = "libc++";
				CLANG_ENABLE_MODULES = YES;
				CLANG_ENABLE_OBJC_ARC = YES;
				CLANG_ENABLE_OBJC_WEAK = YES;
				CLANG_WARN_BLOCK_CAPTURE_AUTORELEASING = YES;
				CLANG_WARN_BOOL_CONVERSION = YES;
				CLANG_WARN_COMMA = YES;
				CLANG_WARN_CONSTANT_CONVERSION = YES;
				CLANG_WARN_DEPRECATED_OBJC_IMPLEMENTATIONS = YES;
				CLANG_WARN_DIRECT_OBJC_ISA_USAGE = YES_ERROR;
				CLANG_WARN_DOCUMENTATION_COMMENTS = YES;
				CLANG_WARN_EMPTY_BODY = YES;
				CLANG_WARN_ENUM_CONVERSION = YES;
				CLANG_WARN_INFINITE_RECURSION = YES;
				CLANG_WARN_INT_CONVERSION = YES;
				CLANG_WARN_NON_LITERAL_NULL_CONVERSION = YES;
				CLANG_WARN_OBJC_IMPLICIT_RETAIN_SELF = YES;
				CLANG_WARN_OBJC_LITERAL_CONVERSION = YES;
				CLANG_WARN_OBJC_ROOT_CLASS = YES_ERROR;
				CLANG_WARN_QUOTED_INCLUDE_IN_FRAMEWORK_HEADER = YES;
				CLANG_WARN_RANGE_LOOP_ANALYSIS = YES;
				CLANG_WARN_STRICT_PROTOTYPES = YES;
				CLANG_WARN_SUSPICIOUS_MOVE = YES;
				CLANG_WARN_UNGUARDED_AVAILABILITY = YES_AGGRESSIVE;
				CLANG_WARN_UNREACHABLE_CODE = YES;
				CLANG_WARN__DUPLICATE_METHOD_MATCH = YES;
				COPY_PHASE_STRIP = NO;
				DEBUG_INFORMATION_FORMAT = dwarf;
				ENABLE_STRICT_OBJC_MSGSEND = YES;
				ENABLE_TESTABILITY = YES;
				GCC_C_LANGUAGE_STANDARD = gnu11;
				GCC_DYNAMIC_NO_PIC = NO;
				GCC_NO_COMMON_BLOCKS = YES;
				GCC_OPTIMIZATION_LEVEL = 0;
				GCC_PREPROCESSOR_DEFINITIONS = (
					"DEBUG=1",
					"$(inherited)",
				);
				GCC_WARN_64_TO_32_BIT_CONVERSION = YES;
				GCC_WARN_ABOUT_RETURN_TYPE = YES_ERROR;
				GCC_WARN_UNDECLARED_SELECTOR = YES;
				GCC_WARN_UNINITIALIZED_AUTOS = YES_AGGRESSIVE;
				GCC_WARN_UNUSED_FUNCTION = YES;
				GCC_WARN_UNUSED_VARIABLE = YES;
				IPHONEOS_DEPLOYMENT_TARGET = 14.5;
				MTL_ENABLE_DEBUG_INFO = INCLUDE_SOURCE;
				MTL_FAST_MATH = YES;
				ONLY_ACTIVE_ARCH = YES;
				SDKROOT = iphoneos;
				SWIFT_ACTIVE_COMPILATION_CONDITIONS = DEBUG;
				SWIFT_OPTIMIZATION_LEVEL = "-Onone";
			};
			name = Debug;
		};
		EC0DD88C267670A800EEA160 /* Release */ = {
			isa = XCBuildConfiguration;
			buildSettings = {
				ALWAYS_SEARCH_USER_PATHS = NO;
				CLANG_ANALYZER_NONNULL = YES;
				CLANG_ANALYZER_NUMBER_OBJECT_CONVERSION = YES_AGGRESSIVE;
				CLANG_CXX_LANGUAGE_STANDARD = "gnu++14";
				CLANG_CXX_LIBRARY = "libc++";
				CLANG_ENABLE_MODULES = YES;
				CLANG_ENABLE_OBJC_ARC = YES;
				CLANG_ENABLE_OBJC_WEAK = YES;
				CLANG_WARN_BLOCK_CAPTURE_AUTORELEASING = YES;
				CLANG_WARN_BOOL_CONVERSION = YES;
				CLANG_WARN_COMMA = YES;
				CLANG_WARN_CONSTANT_CONVERSION = YES;
				CLANG_WARN_DEPRECATED_OBJC_IMPLEMENTATIONS = YES;
				CLANG_WARN_DIRECT_OBJC_ISA_USAGE = YES_ERROR;
				CLANG_WARN_DOCUMENTATION_COMMENTS = YES;
				CLANG_WARN_EMPTY_BODY = YES;
				CLANG_WARN_ENUM_CONVERSION = YES;
				CLANG_WARN_INFINITE_RECURSION = YES;
				CLANG_WARN_INT_CONVERSION = YES;
				CLANG_WARN_NON_LITERAL_NULL_CONVERSION = YES;
				CLANG_WARN_OBJC_IMPLICIT_RETAIN_SELF = YES;
				CLANG_WARN_OBJC_LITERAL_CONVERSION = YES;
				CLANG_WARN_OBJC_ROOT_CLASS = YES_ERROR;
				CLANG_WARN_QUOTED_INCLUDE_IN_FRAMEWORK_HEADER = YES;
				CLANG_WARN_RANGE_LOOP_ANALYSIS = YES;
				CLANG_WARN_STRICT_PROTOTYPES = YES;
				CLANG_WARN_SUSPICIOUS_MOVE = YES;
				CLANG_WARN_UNGUARDED_AVAILABILITY = YES_AGGRESSIVE;
				CLANG_WARN_UNREACHABLE_CODE = YES;
				CLANG_WARN__DUPLICATE_METHOD_MATCH = YES;
				COPY_PHASE_STRIP = NO;
				DEBUG_INFORMATION_FORMAT = "dwarf-with-dsym";
				ENABLE_NS_ASSERTIONS = NO;
				ENABLE_STRICT_OBJC_MSGSEND = YES;
				GCC_C_LANGUAGE_STANDARD = gnu11;
				GCC_NO_COMMON_BLOCKS = YES;
				GCC_WARN_64_TO_32_BIT_CONVERSION = YES;
				GCC_WARN_ABOUT_RETURN_TYPE = YES_ERROR;
				GCC_WARN_UNDECLARED_SELECTOR = YES;
				GCC_WARN_UNINITIALIZED_AUTOS = YES_AGGRESSIVE;
				GCC_WARN_UNUSED_FUNCTION = YES;
				GCC_WARN_UNUSED_VARIABLE = YES;
				IPHONEOS_DEPLOYMENT_TARGET = 14.5;
				MTL_ENABLE_DEBUG_INFO = NO;
				MTL_FAST_MATH = YES;
				SDKROOT = iphoneos;
				SWIFT_COMPILATION_MODE = wholemodule;
				SWIFT_OPTIMIZATION_LEVEL = "-O";
				VALIDATE_PRODUCT = YES;
			};
			name = Release;
		};
		EC0DD88E267670A800EEA160 /* Debug */ = {
			isa = XCBuildConfiguration;
			buildSettings = {
				ASSETCATALOG_COMPILER_APPICON_NAME = AppIcon;
				ASSETCATALOG_COMPILER_GLOBAL_ACCENT_COLOR_NAME = AccentColor;
				CODE_SIGN_STYLE = Automatic;
				DEVELOPMENT_TEAM = 63Q7Q64MJF;
				INFOPLIST_FILE = pruebaMichaelUrrea/Info.plist;
				LD_RUNPATH_SEARCH_PATHS = (
					"$(inherited)",
					"@executable_path/Frameworks",
				);
				PRODUCT_BUNDLE_IDENTIFIER = com.michael.nisum.pruebaMichaelUrrea;
				PRODUCT_NAME = "$(TARGET_NAME)";
				SWIFT_VERSION = 5.0;
				TARGETED_DEVICE_FAMILY = "1,2";
			};
			name = Debug;
		};
		EC0DD88F267670A800EEA160 /* Release */ = {
			isa = XCBuildConfiguration;
			buildSettings = {
				ASSETCATALOG_COMPILER_APPICON_NAME = AppIcon;
				ASSETCATALOG_COMPILER_GLOBAL_ACCENT_COLOR_NAME = AccentColor;
				CODE_SIGN_STYLE = Automatic;
				DEVELOPMENT_TEAM = 63Q7Q64MJF;
				INFOPLIST_FILE = pruebaMichaelUrrea/Info.plist;
				LD_RUNPATH_SEARCH_PATHS = (
					"$(inherited)",
					"@executable_path/Frameworks",
				);
				PRODUCT_BUNDLE_IDENTIFIER = com.michael.nisum.pruebaMichaelUrrea;
				PRODUCT_NAME = "$(TARGET_NAME)";
				SWIFT_VERSION = 5.0;
				TARGETED_DEVICE_FAMILY = "1,2";
			};
			name = Release;
		};
		EC0DD891267670A800EEA160 /* Debug */ = {
			isa = XCBuildConfiguration;
			buildSettings = {
				ALWAYS_EMBED_SWIFT_STANDARD_LIBRARIES = YES;
				BUNDLE_LOADER = "$(TEST_HOST)";
				CODE_SIGN_STYLE = Automatic;
				DEVELOPMENT_TEAM = 63Q7Q64MJF;
				INFOPLIST_FILE = pruebaMichaelUrreaTests/Info.plist;
				IPHONEOS_DEPLOYMENT_TARGET = 14.5;
				LD_RUNPATH_SEARCH_PATHS = (
					"$(inherited)",
					"@executable_path/Frameworks",
					"@loader_path/Frameworks",
				);
				PRODUCT_BUNDLE_IDENTIFIER = com.michael.nisum.pruebaMichaelUrreaTests;
				PRODUCT_NAME = "$(TARGET_NAME)";
				SWIFT_VERSION = 5.0;
				TARGETED_DEVICE_FAMILY = "1,2";
				TEST_HOST = "$(BUILT_PRODUCTS_DIR)/pruebaMichaelUrrea.app/pruebaMichaelUrrea";
			};
			name = Debug;
		};
		EC0DD892267670A800EEA160 /* Release */ = {
			isa = XCBuildConfiguration;
			buildSettings = {
				ALWAYS_EMBED_SWIFT_STANDARD_LIBRARIES = YES;
				BUNDLE_LOADER = "$(TEST_HOST)";
				CODE_SIGN_STYLE = Automatic;
				DEVELOPMENT_TEAM = 63Q7Q64MJF;
				INFOPLIST_FILE = pruebaMichaelUrreaTests/Info.plist;
				IPHONEOS_DEPLOYMENT_TARGET = 14.5;
				LD_RUNPATH_SEARCH_PATHS = (
					"$(inherited)",
					"@executable_path/Frameworks",
					"@loader_path/Frameworks",
				);
				PRODUCT_BUNDLE_IDENTIFIER = com.michael.nisum.pruebaMichaelUrreaTests;
				PRODUCT_NAME = "$(TARGET_NAME)";
				SWIFT_VERSION = 5.0;
				TARGETED_DEVICE_FAMILY = "1,2";
				TEST_HOST = "$(BUILT_PRODUCTS_DIR)/pruebaMichaelUrrea.app/pruebaMichaelUrrea";
			};
			name = Release;
		};
		EC0DD894267670A800EEA160 /* Debug */ = {
			isa = XCBuildConfiguration;
			buildSettings = {
				ALWAYS_EMBED_SWIFT_STANDARD_LIBRARIES = YES;
				CODE_SIGN_STYLE = Automatic;
				DEVELOPMENT_TEAM = 63Q7Q64MJF;
				INFOPLIST_FILE = pruebaMichaelUrreaUITests/Info.plist;
				LD_RUNPATH_SEARCH_PATHS = (
					"$(inherited)",
					"@executable_path/Frameworks",
					"@loader_path/Frameworks",
				);
				PRODUCT_BUNDLE_IDENTIFIER = com.michael.nisum.pruebaMichaelUrreaUITests;
				PRODUCT_NAME = "$(TARGET_NAME)";
				SWIFT_VERSION = 5.0;
				TARGETED_DEVICE_FAMILY = "1,2";
				TEST_TARGET_NAME = pruebaMichaelUrrea;
			};
			name = Debug;
		};
		EC0DD895267670A800EEA160 /* Release */ = {
			isa = XCBuildConfiguration;
			buildSettings = {
				ALWAYS_EMBED_SWIFT_STANDARD_LIBRARIES = YES;
				CODE_SIGN_STYLE = Automatic;
				DEVELOPMENT_TEAM = 63Q7Q64MJF;
				INFOPLIST_FILE = pruebaMichaelUrreaUITests/Info.plist;
				LD_RUNPATH_SEARCH_PATHS = (
					"$(inherited)",
					"@executable_path/Frameworks",
					"@loader_path/Frameworks",
				);
				PRODUCT_BUNDLE_IDENTIFIER = com.michael.nisum.pruebaMichaelUrreaUITests;
				PRODUCT_NAME = "$(TARGET_NAME)";
				SWIFT_VERSION = 5.0;
				TARGETED_DEVICE_FAMILY = "1,2";
				TEST_TARGET_NAME = pruebaMichaelUrrea;
			};
			name = Release;
		};
/* End XCBuildConfiguration section */

/* Begin XCConfigurationList section */
		EC0DD85E267670A300EEA160 /* Build configuration list for PBXProject "pruebaMichaelUrrea" */ = {
			isa = XCConfigurationList;
			buildConfigurations = (
				EC0DD88B267670A800EEA160 /* Debug */,
				EC0DD88C267670A800EEA160 /* Release */,
			);
			defaultConfigurationIsVisible = 0;
			defaultConfigurationName = Release;
		};
		EC0DD88D267670A800EEA160 /* Build configuration list for PBXNativeTarget "pruebaMichaelUrrea" */ = {
			isa = XCConfigurationList;
			buildConfigurations = (
				EC0DD88E267670A800EEA160 /* Debug */,
				EC0DD88F267670A800EEA160 /* Release */,
			);
			defaultConfigurationIsVisible = 0;
			defaultConfigurationName = Release;
		};
		EC0DD890267670A800EEA160 /* Build configuration list for PBXNativeTarget "pruebaMichaelUrreaTests" */ = {
			isa = XCConfigurationList;
			buildConfigurations = (
				EC0DD891267670A800EEA160 /* Debug */,
				EC0DD892267670A800EEA160 /* Release */,
			);
			defaultConfigurationIsVisible = 0;
			defaultConfigurationName = Release;
		};
		EC0DD893267670A800EEA160 /* Build configuration list for PBXNativeTarget "pruebaMichaelUrreaUITests" */ = {
			isa = XCConfigurationList;
			buildConfigurations = (
				EC0DD894267670A800EEA160 /* Debug */,
				EC0DD895267670A800EEA160 /* Release */,
			);
			defaultConfigurationIsVisible = 0;
			defaultConfigurationName = Release;
		};
/* End XCConfigurationList section */
	};
	rootObject = EC0DD85B267670A300EEA160 /* Project object */;
}
